PODS:
  - JRSubDemo (0.0.1):
    - SnapKit
  - SnapKit (5.6.0)

DEPENDENCIES:
  - JRSubDemo (from `/Users/jiangshulun/JRMainSubDemo/JRSubProject/JRSubDemo`)

SPEC REPOS:
  trunk:
    - SnapKit

EXTERNAL SOURCES:
  JRSubDemo:
    :path: "/Users/jiangshulun/JRMainSubDemo/JRSubProject/JRSubDemo"

SPEC CHECKSUMS:
  JRSubDemo: 1792a3575a40eb2d41c9e3b5d9632402f8f5d9bf
  SnapKit: e01d52ebb8ddbc333eefe2132acf85c8227d9c25

PODFILE CHECKSUM: 168db1d83cb1539de16e074ab1326d0f8f9fd396

COCOAPODS: 1.12.1
