PODS:
  - JRSubDemo (0.0.1)

DEPENDENCIES:
  - JRSubDemo (from `/Users/jiangshulun/JRMainSubDemo/JRSubProject/JRSubDemo`)

EXTERNAL SOURCES:
  JRSubDemo:
    :path: "/Users/jiangshulun/JRMainSubDemo/JRSubProject/JRSubDemo"

SPEC CHECKSUMS:
  JRSubDemo: 16777286c4fd665b6fa228f89d0a07d07c6c4236

PODFILE CHECKSUM: 168db1d83cb1539de16e074ab1326d0f8f9fd396

COCOAPODS: 1.12.1
